// !$*UTF8*$!
{
	archiveVersion = 1;
	classes = {
	};
	objectVersion = 56;
	objects = {

/* Begin PBXBuildFile section */
		BB15A51428F8747A001CDD5B /* Launch Screen.storyboard in Resources */ = {isa = PBXBuildFile; fileRef = BB15A51328F8747A001CDD5B /* Launch Screen.storyboard */; };
		BB4EF3D728F7C207008FD4F2 /* AppEntry.swift in Sources */ = {isa = PBXBuildFile; fileRef = BB4EF3D628F7C207008FD4F2 /* AppEntry.swift */; };
		BB4EF3D928F7C207008FD4F2 /* MainView.swift in Sources */ = {isa = PBXBuildFile; fileRef = BB4EF3D828F7C207008FD4F2 /* MainView.swift */; };
		BB4EF3DB28F7C207008FD4F2 /* Assets.xcassets in Resources */ = {isa = PBXBuildFile; fileRef = BB4EF3DA28F7C207008FD4F2 /* Assets.xcassets */; };
		BB4EF3DE28F7C207008FD4F2 /* Preview Assets.xcassets in Resources */ = {isa = PBXBuildFile; fileRef = BB4EF3DD28F7C207008FD4F2 /* Preview Assets.xcassets */; };
		BB4EF3E728F7D1BE008FD4F2 /* AppInfoView.swift in Sources */ = {isa = PBXBuildFile; fileRef = BB4EF3E628F7D1BE008FD4F2 /* AppInfoView.swift */; };
		BB5D63F928F9C3C80029DBFA /* AppReviewRequest.swift in Sources */ = {isa = PBXBuildFile; fileRef = BB5D63F828F9C3C80029DBFA /* AppReviewRequest.swift */; };
/* End PBXBuildFile section */

/* Begin PBXFileReference section */
		BB15A51328F8747A001CDD5B /* Launch Screen.storyboard */ = {isa = PBXFileReference; lastKnownFileType = file.storyboard; path = "Launch Screen.storyboard"; sourceTree = "<group>"; };
		BB4EF3D328F7C207008FD4F2 /* AppReview-iOS 16.app */ = {isa = PBXFileReference; explicitFileType = wrapper.application; includeInIndex = 0; path = "AppReview-iOS 16.app"; sourceTree = BUILT_PRODUCTS_DIR; };
		BB4EF3D628F7C207008FD4F2 /* AppEntry.swift */ = {isa = PBXFileReference; lastKnownFileType = sourcecode.swift; path = AppEntry.swift; sourceTree = "<group>"; };
		BB4EF3D828F7C207008FD4F2 /* MainView.swift */ = {isa = PBXFileReference; lastKnownFileType = sourcecode.swift; path = MainView.swift; sourceTree = "<group>"; };
		BB4EF3DA28F7C207008FD4F2 /* Assets.xcassets */ = {isa = PBXFileReference; lastKnownFileType = folder.assetcatalog; path = Assets.xcassets; sourceTree = "<group>"; };
		BB4EF3DD28F7C207008FD4F2 /* Preview Assets.xcassets */ = {isa = PBXFileReference; lastKnownFileType = folder.assetcatalog; path = "Preview Assets.xcassets"; sourceTree = "<group>"; };
		BB4EF3E628F7D1BE008FD4F2 /* AppInfoView.swift */ = {isa = PBXFileReference; lastKnownFileType = sourcecode.swift; path = AppInfoView.swift; sourceTree = "<group>"; };
		BB5D63F828F9C3C80029DBFA /* AppReviewRequest.swift */ = {isa = PBXFileReference; lastKnownFileType = sourcecode.swift; path = AppReviewRequest.swift; sourceTree = "<group>"; };
/* End PBXFileReference section */

/* Begin PBXFrameworksBuildPhase section */
		BB4EF3D028F7C207008FD4F2 /* Frameworks */ = {
			isa = PBXFrameworksBuildPhase;
			buildActionMask = 2147483647;
			files = (
			);
			runOnlyForDeploymentPostprocessing = 0;
		};
/* End PBXFrameworksBuildPhase section */

/* Begin PBXGroup section */
		BB4EF3CA28F7C207008FD4F2 = {
			isa = PBXGroup;
			children = (
				BB4EF3D528F7C207008FD4F2 /* AppReview-iOS 16 */,
				BB4EF3D428F7C207008FD4F2 /* Products */,
			);
			sourceTree = "<group>";
		};
		BB4EF3D428F7C207008FD4F2 /* Products */ = {
			isa = PBXGroup;
			children = (
				BB4EF3D328F7C207008FD4F2 /* AppReview-iOS 16.app */,
			);
			name = Products;
			sourceTree = "<group>";
		};
		BB4EF3D528F7C207008FD4F2 /* AppReview-iOS 16 */ = {
			isa = PBXGroup;
			children = (
				BB4EF3D628F7C207008FD4F2 /* AppEntry.swift */,
				BB4EF3D828F7C207008FD4F2 /* MainView.swift */,
				BB5D63F828F9C3C80029DBFA /* AppReviewRequest.swift */,
				BB4EF3E628F7D1BE008FD4F2 /* AppInfoView.swift */,
				BB4EF3DA28F7C207008FD4F2 /* Assets.xcassets */,
				BB15A51328F8747A001CDD5B /* Launch Screen.storyboard */,
				BB4EF3DC28F7C207008FD4F2 /* Preview Content */,
			);
			path = "AppReview-iOS 16";
			sourceTree = "<group>";
		};
		BB4EF3DC28F7C207008FD4F2 /* Preview Content */ = {
			isa = PBXGroup;
			children = (
				BB4EF3DD28F7C207008FD4F2 /* Preview Assets.xcassets */,
			);
			path = "Preview Content";
			sourceTree = "<group>";
		};
/* End PBXGroup section */

/* Begin PBXNativeTarget section */
		BB4EF3D228F7C207008FD4F2 /* AppReview-iOS 16 */ = {
			isa = PBXNativeTarget;
			buildConfigurationList = BB4EF3E128F7C207008FD4F2 /* Build configuration list for PBXNativeTarget "AppReview-iOS 16" */;
			buildPhases = (
				BB4EF3CF28F7C207008FD4F2 /* Sources */,
				BB4EF3D028F7C207008FD4F2 /* Frameworks */,
				BB4EF3D128F7C207008FD4F2 /* Resources */,
			);
			buildRules = (
			);
			dependencies = (
			);
			name = "AppReview-iOS 16";
			productName = "AppReview-iOS 16";
			productReference = BB4EF3D328F7C207008FD4F2 /* AppReview-iOS 16.app */;
			productType = "com.apple.product-type.application";
		};
/* End PBXNativeTarget section */

/* Begin PBXProject section */
		BB4EF3CB28F7C207008FD4F2 /* Project object */ = {
			isa = PBXProject;
			attributes = {
				BuildIndependentTargetsInParallel = 1;
				LastSwiftUpdateCheck = 1400;
				LastUpgradeCheck = 1400;
				TargetAttributes = {
					BB4EF3D228F7C207008FD4F2 = {
						CreatedOnToolsVersion = 14.0.1;
					};
				};
			};
			buildConfigurationList = BB4EF3CE28F7C207008FD4F2 /* Build configuration list for PBXProject "AppReview-iOS 16" */;
			compatibilityVersion = "Xcode 14.0";
			developmentRegion = en;
			hasScannedForEncodings = 0;
			knownRegions = (
				en,
				Base,
			);
			mainGroup = BB4EF3CA28F7C207008FD4F2;
			productRefGroup = BB4EF3D428F7C207008FD4F2 /* Products */;
			projectDirPath = "";
			projectRoot = "";
			targets = (
				BB4EF3D228F7C207008FD4F2 /* AppReview-iOS 16 */,
			);
		};
/* End PBXProject section */

/* Begin PBXResourcesBuildPhase section */
		BB4EF3D128F7C207008FD4F2 /* Resources */ = {
			isa = PBXResourcesBuildPhase;
			buildActionMask = 2147483647;
			files = (
				BB15A51428F8747A001CDD5B /* Launch Screen.storyboard in Resources */,
				BB4EF3DE28F7C207008FD4F2 /* Preview Assets.xcassets in Resources */,
				BB4EF3DB28F7C207008FD4F2 /* Assets.xcassets in Resources */,
			);
			runOnlyForDeploymentPostprocessing = 0;
		};
/* End PBXResourcesBuildPhase section */

/* Begin PBXSourcesBuildPhase section */
		BB4EF3CF28F7C207008FD4F2 /* Sources */ = {
			isa = PBXSourcesBuildPhase;
			buildActionMask = 2147483647;
			files = (
				BB4EF3E728F7D1BE008FD4F2 /* AppInfoView.swift in Sources */,
				BB5D63F928F9C3C80029DBFA /* AppReviewRequest.swift in Sources */,
				BB4EF3D928F7C207008FD4F2 /* MainView.swift in Sources */,
				BB4EF3D728F7C207008FD4F2 /* AppEntry.swift in Sources */,
			);
			runOnlyForDeploymentPostprocessing = 0;
		};
/* End PBXSourcesBuildPhase section */

/* Begin XCBuildConfiguration section */
		BB4EF3DF28F7C207008FD4F2 /* Debug */ = {
			isa = XCBuildConfiguration;
			buildSettings = {
				ALWAYS_SEARCH_USER_PATHS = NO;
				CLANG_ANALYZER_NONNULL = YES;
				CLANG_ANALYZER_NUMBER_OBJECT_CONVERSION = YES_AGGRESSIVE;
				CLANG_CXX_LANGUAGE_STANDARD = "gnu++20";
				CLANG_ENABLE_MODULES = YES;
				CLANG_ENABLE_OBJC_ARC = YES;
				CLANG_ENABLE_OBJC_WEAK = YES;
				CLANG_WARN_BLOCK_CAPTURE_AUTORELEASING = YES;
				CLANG_WARN_BOOL_CONVERSION = YES;
				CLANG_WARN_COMMA = YES;
				CLANG_WARN_CONSTANT_CONVERSION = YES;
				CLANG_WARN_DEPRECATED_OBJC_IMPLEMENTATIONS = YES;
				CLANG_WARN_DIRECT_OBJC_ISA_USAGE = YES_ERROR;
				CLANG_WARN_DOCUMENTATION_COMMENTS = YES;
				CLANG_WARN_EMPTY_BODY = YES;
				CLANG_WARN_ENUM_CONVERSION = YES;
				CLANG_WARN_INFINITE_RECURSION = YES;
				CLANG_WARN_INT_CONVERSION = YES;
				CLANG_WARN_NON_LITERAL_NULL_CONVERSION = YES;
				CLANG_WARN_OBJC_IMPLICIT_RETAIN_SELF = YES;
				CLANG_WARN_OBJC_LITERAL_CONVERSION = YES;
				CLANG_WARN_OBJC_ROOT_CLASS = YES_ERROR;
				CLANG_WARN_QUOTED_INCLUDE_IN_FRAMEWORK_HEADER = YES;
				CLANG_WARN_RANGE_LOOP_ANALYSIS = YES;
				CLANG_WARN_STRICT_PROTOTYPES = YES;
				CLANG_WARN_SUSPICIOUS_MOVE = YES;
				CLANG_WARN_UNGUARDED_AVAILABILITY = YES_AGGRESSIVE;
				CLANG_WARN_UNREACHABLE_CODE = YES;
				CLANG_WARN__DUPLICATE_METHOD_MATCH = YES;
				COPY_PHASE_STRIP = NO;
				DEBUG_INFORMATION_FORMAT = dwarf;
				ENABLE_STRICT_OBJC_MSGSEND = YES;
				ENABLE_TESTABILITY = YES;
				GCC_C_LANGUAGE_STANDARD = gnu11;
				GCC_DYNAMIC_NO_PIC = NO;
				GCC_NO_COMMON_BLOCKS = YES;
				GCC_OPTIMIZATION_LEVEL = 0;
				GCC_PREPROCESSOR_DEFINITIONS = (
					"DEBUG=1",
					"$(inherited)",
				);
				GCC_WARN_64_TO_32_BIT_CONVERSION = YES;
				GCC_WARN_ABOUT_RETURN_TYPE = YES_ERROR;
				GCC_WARN_UNDECLARED_SELECTOR = YES;
				GCC_WARN_UNINITIALIZED_AUTOS = YES_AGGRESSIVE;
				GCC_WARN_UNUSED_FUNCTION = YES;
				GCC_WARN_UNUSED_VARIABLE = YES;
				IPHONEOS_DEPLOYMENT_TARGET = 16.0;
				MTL_ENABLE_DEBUG_INFO = INCLUDE_SOURCE;
				MTL_FAST_MATH = YES;
				ONLY_ACTIVE_ARCH = YES;
				SDKROOT = iphoneos;
				SWIFT_ACTIVE_COMPILATION_CONDITIONS = DEBUG;
				SWIFT_OPTIMIZATION_LEVEL = "-Onone";
			};
			name = Debug;
		};
		BB4EF3E028F7C207008FD4F2 /* Release */ = {
			isa = XCBuildConfiguration;
			buildSettings = {
				ALWAYS_SEARCH_USER_PATHS = NO;
				CLANG_ANALYZER_NONNULL = YES;
				CLANG_ANALYZER_NUMBER_OBJECT_CONVERSION = YES_AGGRESSIVE;
				CLANG_CXX_LANGUAGE_STANDARD = "gnu++20";
				CLANG_ENABLE_MODULES = YES;
				CLANG_ENABLE_OBJC_ARC = YES;
				CLANG_ENABLE_OBJC_WEAK = YES;
				CLANG_WARN_BLOCK_CAPTURE_AUTORELEASING = YES;
				CLANG_WARN_BOOL_CONVERSION = YES;
				CLANG_WARN_COMMA = YES;
				CLANG_WARN_CONSTANT_CONVERSION = YES;
				CLANG_WARN_DEPRECATED_OBJC_IMPLEMENTATIONS = YES;
				CLANG_WARN_DIRECT_OBJC_ISA_USAGE = YES_ERROR;
				CLANG_WARN_DOCUMENTATION_COMMENTS = YES;
				CLANG_WARN_EMPTY_BODY = YES;
				CLANG_WARN_ENUM_CONVERSION = YES;
				CLANG_WARN_INFINITE_RECURSION = YES;
				CLANG_WARN_INT_CONVERSION = YES;
				CLANG_WARN_NON_LITERAL_NULL_CONVERSION = YES;
				CLANG_WARN_OBJC_IMPLICIT_RETAIN_SELF = YES;
				CLANG_WARN_OBJC_LITERAL_CONVERSION = YES;
				CLANG_WARN_OBJC_ROOT_CLASS = YES_ERROR;
				CLANG_WARN_QUOTED_INCLUDE_IN_FRAMEWORK_HEADER = YES;
				CLANG_WARN_RANGE_LOOP_ANALYSIS = YES;
				CLANG_WARN_STRICT_PROTOTYPES = YES;
				CLANG_WARN_SUSPICIOUS_MOVE = YES;
				CLANG_WARN_UNGUARDED_AVAILABILITY = YES_AGGRESSIVE;
				CLANG_WARN_UNREACHABLE_CODE = YES;
				CLANG_WARN__DUPLICATE_METHOD_MATCH = YES;
				COPY_PHASE_STRIP = NO;
				DEBUG_INFORMATION_FORMAT = "dwarf-with-dsym";
				ENABLE_NS_ASSERTIONS = NO;
				ENABLE_STRICT_OBJC_MSGSEND = YES;
				GCC_C_LANGUAGE_STANDARD = gnu11;
				GCC_NO_COMMON_BLOCKS = YES;
				GCC_WARN_64_TO_32_BIT_CONVERSION = YES;
				GCC_WARN_ABOUT_RETURN_TYPE = YES_ERROR;
				GCC_WARN_UNDECLARED_SELECTOR = YES;
				GCC_WARN_UNINITIALIZED_AUTOS = YES_AGGRESSIVE;
				GCC_WARN_UNUSED_FUNCTION = YES;
				GCC_WARN_UNUSED_VARIABLE = YES;
				IPHONEOS_DEPLOYMENT_TARGET = 16.0;
				MTL_ENABLE_DEBUG_INFO = NO;
				MTL_FAST_MATH = YES;
				SDKROOT = iphoneos;
				SWIFT_COMPILATION_MODE = wholemodule;
				SWIFT_OPTIMIZATION_LEVEL = "-O";
				VALIDATE_PRODUCT = YES;
			};
			name = Release;
		};
		BB4EF3E228F7C207008FD4F2 /* Debug */ = {
			isa = XCBuildConfiguration;
			buildSettings = {
				ASSETCATALOG_COMPILER_APPICON_NAME = AppIcon;
				ASSETCATALOG_COMPILER_GLOBAL_ACCENT_COLOR_NAME = AccentColor;
				CODE_SIGN_STYLE = Automatic;
				CURRENT_PROJECT_VERSION = 1;
				DEVELOPMENT_ASSET_PATHS = "\"AppReview-iOS 16/Preview Content\"";
				DEVELOPMENT_TEAM = RKV4UP49S6;
				ENABLE_PREVIEWS = YES;
				GENERATE_INFOPLIST_FILE = YES;
				INFOPLIST_KEY_UIApplicationSceneManifest_Generation = YES;
				INFOPLIST_KEY_UIApplicationSupportsIndirectInputEvents = YES;
				INFOPLIST_KEY_UILaunchScreen_Generation = YES;
				INFOPLIST_KEY_UILaunchStoryboardName = "Launch Screen.storyboard";
				INFOPLIST_KEY_UISupportedInterfaceOrientations_iPad = "UIInterfaceOrientationPortrait UIInterfaceOrientationPortraitUpsideDown UIInterfaceOrientationLandscapeLeft UIInterfaceOrientationLandscapeRight";
				INFOPLIST_KEY_UISupportedInterfaceOrientations_iPhone = "UIInterfaceOrientationPortrait UIInterfaceOrientationLandscapeLeft UIInterfaceOrientationLandscapeRight";
				LD_RUNPATH_SEARCH_PATHS = (
					"$(inherited)",
					"@executable_path/Frameworks",
				);
				MARKETING_VERSION = 1.2;
				PRODUCT_BUNDLE_IDENTIFIER = "com.createchsol.AppReview-iOS-16";
				PRODUCT_NAME = "$(TARGET_NAME)";
				SWIFT_EMIT_LOC_STRINGS = YES;
				SWIFT_VERSION = 5.0;
				TARGETED_DEVICE_FAMILY = "1,2";
			};
			name = Debug;
		};
		BB4EF3E328F7C207008FD4F2 /* Release */ = {
			isa = XCBuildConfiguration;
			buildSettings = {
				ASSETCATALOG_COMPILER_APPICON_NAME = AppIcon;
				ASSETCATALOG_COMPILER_GLOBAL_ACCENT_COLOR_NAME = AccentColor;
				CODE_SIGN_STYLE = Automatic;
				CURRENT_PROJECT_VERSION = 1;
				DEVELOPMENT_ASSET_PATHS = "\"AppReview-iOS 16/Preview Content\"";
				DEVELOPMENT_TEAM = RKV4UP49S6;
				ENABLE_PREVIEWS = YES;
				GENERATE_INFOPLIST_FILE = YES;
				INFOPLIST_KEY_UIApplicationSceneManifest_Generation = YES;
				INFOPLIST_KEY_UIApplicationSupportsIndirectInputEvents = YES;
				INFOPLIST_KEY_UILaunchScreen_Generation = YES;
				INFOPLIST_KEY_UILaunchStoryboardName = "Launch Screen.storyboard";
				INFOPLIST_KEY_UISupportedInterfaceOrientations_iPad = "UIInterfaceOrientationPortrait UIInterfaceOrientationPortraitUpsideDown UIInterfaceOrientationLandscapeLeft UIInterfaceOrientationLandscapeRight";
				INFOPLIST_KEY_UISupportedInterfaceOrientations_iPhone = "UIInterfaceOrientationPortrait UIInterfaceOrientationLandscapeLeft UIInterfaceOrientationLandscapeRight";
				LD_RUNPATH_SEARCH_PATHS = (
					"$(inherited)",
					"@executable_path/Frameworks",
				);
				MARKETING_VERSION = 1.2;
				PRODUCT_BUNDLE_IDENTIFIER = "com.createchsol.AppReview-iOS-16";
				PRODUCT_NAME = "$(TARGET_NAME)";
				SWIFT_EMIT_LOC_STRINGS = YES;
				SWIFT_VERSION = 5.0;
				TARGETED_DEVICE_FAMILY = "1,2";
			};
			name = Release;
		};
/* End XCBuildConfiguration section */

/* Begin XCConfigurationList section */
		BB4EF3CE28F7C207008FD4F2 /* Build configuration list for PBXProject "AppReview-iOS 16" */ = {
			isa = XCConfigurationList;
			buildConfigurations = (
				BB4EF3DF28F7C207008FD4F2 /* Debug */,
				BB4EF3E028F7C207008FD4F2 /* Release */,
			);
			defaultConfigurationIsVisible = 0;
			defaultConfigurationName = Release;
		};
		BB4EF3E128F7C207008FD4F2 /* Build configuration list for PBXNativeTarget "AppReview-iOS 16" */ = {
			isa = XCConfigurationList;
			buildConfigurations = (
				BB4EF3E228F7C207008FD4F2 /* Debug */,
				BB4EF3E328F7C207008FD4F2 /* Release */,
			);
			defaultConfigurationIsVisible = 0;
			defaultConfigurationName = Release;
		};
/* End XCConfigurationList section */
	};
	rootObject = BB4EF3CB28F7C207008FD4F2 /* Project object */;
}
